
Microsoft Visual Studio Solution File, Format Version 12.00
# Visual Studio Version 16
VisualStudioVersion = 16.0.31105.61
MinimumVisualStudioVersion = 10.0.40219.1
Project("{2150E333-8FDC-42A3-9474-1A3956D46DE8}") = "Domain", "Domain", "{4BC9A271-0E7A-485E-BE04-E2D603F6BA96}"
EndProject
Project("{2150E333-8FDC-42A3-9474-1A3956D46DE8}") = "Infra.Bus", "Infra.Bus", "{255ACD1B-CA2D-497F-86A8-1BBC326E5B94}"
EndProject
Project("{2150E333-8FDC-42A3-9474-1A3956D46DE8}") = "Infra.IoC", "Infra.IoC", "{B0246928-3F2B-40F2-9E6E-84251149AAED}"
EndProject
Project("{2150E333-8FDC-42A3-9474-1A3956D46DE8}") = "Microservices", "Microservices", "{09C703C0-5336-4F03-A114-BD97FCAF18C2}"
EndProject
Project("{2150E333-8FDC-42A3-9474-1A3956D46DE8}") = "Presentation", "Presentation", "{94E6A443-7403-4D3C-945B-1693FF4BF8CE}"
EndProject
Project("{FAE04EC0-301F-11D3-BF4B-00C04F79EFBC}") = "MicroRabbit.Domain.Core", "MicroRabbit.Domain.Core\MicroRabbit.Domain.Core.csproj", "{94F87FC3-ECF1-41AD-8F72-01E257F0355B}"
EndProject
Project("{FAE04EC0-301F-11D3-BF4B-00C04F79EFBC}") = "MicroRabbit.Infra.Bus", "MicroRabbit.Infra.Bus\MicroRabbit.Infra.Bus.csproj", "{74238668-5D8C-462C-83E3-347E89327237}"
EndProject
Project("{2150E333-8FDC-42A3-9474-1A3956D46DE8}") = "Solution Items", "Solution Items", "{D92B84B8-14FE-4289-9AF7-731B607652FC}"
	ProjectSection(SolutionItems) = preProject
		.editorconfig = .editorconfig
	EndProjectSection
EndProject
Project("{FAE04EC0-301F-11D3-BF4B-00C04F79EFBC}") = "MicroRabbit.Infra.IoC", "MicroRabbit.Infra.IoC\MicroRabbit.Infra.IoC.csproj", "{35762EE5-C0AB-495D-B824-69EF1DB3E9AB}"
EndProject
Project("{2150E333-8FDC-42A3-9474-1A3956D46DE8}") = "Banking", "Banking", "{923AD1A8-F85F-49CE-921E-A709E0ECB517}"
EndProject
Project("{2150E333-8FDC-42A3-9474-1A3956D46DE8}") = "Domain", "Domain", "{725D55D4-00CC-45A5-A139-19288808227A}"
EndProject
Project("{2150E333-8FDC-42A3-9474-1A3956D46DE8}") = "Application", "Application", "{1A955B92-018B-485C-A7A6-D85D5127243D}"
EndProject
Project("{2150E333-8FDC-42A3-9474-1A3956D46DE8}") = "Data", "Data", "{A99A736C-82E2-437C-806A-4E00B245B14E}"
EndProject
Project("{2150E333-8FDC-42A3-9474-1A3956D46DE8}") = "Api", "Api", "{568641C0-7E0E-4D0C-915D-6B840B6E059B}"
EndProject
Project("{FAE04EC0-301F-11D3-BF4B-00C04F79EFBC}") = "MicroRabbit.Banking.Api", "MicroRabbit.Banking.Api\MicroRabbit.Banking.Api.csproj", "{0C8B0A69-E3EF-4E91-8609-DE3C1CED06E8}"
EndProject
Project("{FAE04EC0-301F-11D3-BF4B-00C04F79EFBC}") = "MicroRabbit.Banking.Application", "MicroRabbit.Banking.Application\MicroRabbit.Banking.Application.csproj", "{DB20B93F-B053-432F-A946-2E81D21534B3}"
EndProject
Project("{FAE04EC0-301F-11D3-BF4B-00C04F79EFBC}") = "MicroRabbit.Banking.Data", "MicroRabbit.Banking.Data\MicroRabbit.Banking.Data.csproj", "{E97D803A-6DA1-4FBA-8F57-BCE628FDA3A4}"
EndProject
Project("{FAE04EC0-301F-11D3-BF4B-00C04F79EFBC}") = "MicroRabbit.Banking.Domain", "MicroRabbit.Banking.Domain\MicroRabbit.Banking.Domain.csproj", "{E7059307-9C3C-4F83-872A-B3675C7D59FB}"
EndProject
Global
	GlobalSection(SolutionProperties) = preSolution
		HideSolutionNode = FALSE
	EndGlobalSection
	GlobalSection(ExtensibilityGlobals) = postSolution
		SolutionGuid = {11333BC6-51E2-4546-A680-D5A3645C1898}
	EndGlobalSection
	GlobalSection(SolutionConfigurationPlatforms) = preSolution
		Debug|Any CPU = Debug|Any CPU
		Release|Any CPU = Release|Any CPU
	EndGlobalSection
	GlobalSection(ProjectConfigurationPlatforms) = postSolution
		{94F87FC3-ECF1-41AD-8F72-01E257F0355B}.Debug|Any CPU.ActiveCfg = Debug|Any CPU
		{94F87FC3-ECF1-41AD-8F72-01E257F0355B}.Debug|Any CPU.Build.0 = Debug|Any CPU
		{94F87FC3-ECF1-41AD-8F72-01E257F0355B}.Release|Any CPU.ActiveCfg = Release|Any CPU
		{94F87FC3-ECF1-41AD-8F72-01E257F0355B}.Release|Any CPU.Build.0 = Release|Any CPU
		{74238668-5D8C-462C-83E3-347E89327237}.Debug|Any CPU.ActiveCfg = Debug|Any CPU
		{74238668-5D8C-462C-83E3-347E89327237}.Debug|Any CPU.Build.0 = Debug|Any CPU
		{74238668-5D8C-462C-83E3-347E89327237}.Release|Any CPU.ActiveCfg = Release|Any CPU
		{74238668-5D8C-462C-83E3-347E89327237}.Release|Any CPU.Build.0 = Release|Any CPU
		{35762EE5-C0AB-495D-B824-69EF1DB3E9AB}.Debug|Any CPU.ActiveCfg = Debug|Any CPU
		{35762EE5-C0AB-495D-B824-69EF1DB3E9AB}.Debug|Any CPU.Build.0 = Debug|Any CPU
		{35762EE5-C0AB-495D-B824-69EF1DB3E9AB}.Release|Any CPU.ActiveCfg = Release|Any CPU
		{35762EE5-C0AB-495D-B824-69EF1DB3E9AB}.Release|Any CPU.Build.0 = Release|Any CPU
		{0C8B0A69-E3EF-4E91-8609-DE3C1CED06E8}.Debug|Any CPU.ActiveCfg = Debug|Any CPU
		{0C8B0A69-E3EF-4E91-8609-DE3C1CED06E8}.Debug|Any CPU.Build.0 = Debug|Any CPU
		{0C8B0A69-E3EF-4E91-8609-DE3C1CED06E8}.Release|Any CPU.ActiveCfg = Release|Any CPU
		{0C8B0A69-E3EF-4E91-8609-DE3C1CED06E8}.Release|Any CPU.Build.0 = Release|Any CPU
		{DB20B93F-B053-432F-A946-2E81D21534B3}.Debug|Any CPU.ActiveCfg = Debug|Any CPU
		{DB20B93F-B053-432F-A946-2E81D21534B3}.Debug|Any CPU.Build.0 = Debug|Any CPU
		{DB20B93F-B053-432F-A946-2E81D21534B3}.Release|Any CPU.ActiveCfg = Release|Any CPU
		{DB20B93F-B053-432F-A946-2E81D21534B3}.Release|Any CPU.Build.0 = Release|Any CPU
		{E97D803A-6DA1-4FBA-8F57-BCE628FDA3A4}.Debug|Any CPU.ActiveCfg = Debug|Any CPU
		{E97D803A-6DA1-4FBA-8F57-BCE628FDA3A4}.Debug|Any CPU.Build.0 = Debug|Any CPU
		{E97D803A-6DA1-4FBA-8F57-BCE628FDA3A4}.Release|Any CPU.ActiveCfg = Release|Any CPU
		{E97D803A-6DA1-4FBA-8F57-BCE628FDA3A4}.Release|Any CPU.Build.0 = Release|Any CPU
		{E7059307-9C3C-4F83-872A-B3675C7D59FB}.Debug|Any CPU.ActiveCfg = Debug|Any CPU
		{E7059307-9C3C-4F83-872A-B3675C7D59FB}.Debug|Any CPU.Build.0 = Debug|Any CPU
		{E7059307-9C3C-4F83-872A-B3675C7D59FB}.Release|Any CPU.ActiveCfg = Release|Any CPU
		{E7059307-9C3C-4F83-872A-B3675C7D59FB}.Release|Any CPU.Build.0 = Release|Any CPU
	EndGlobalSection
	GlobalSection(NestedProjects) = preSolution
		{94F87FC3-ECF1-41AD-8F72-01E257F0355B} = {4BC9A271-0E7A-485E-BE04-E2D603F6BA96}
		{74238668-5D8C-462C-83E3-347E89327237} = {255ACD1B-CA2D-497F-86A8-1BBC326E5B94}
		{35762EE5-C0AB-495D-B824-69EF1DB3E9AB} = {B0246928-3F2B-40F2-9E6E-84251149AAED}
		{923AD1A8-F85F-49CE-921E-A709E0ECB517} = {09C703C0-5336-4F03-A114-BD97FCAF18C2}
		{725D55D4-00CC-45A5-A139-19288808227A} = {923AD1A8-F85F-49CE-921E-A709E0ECB517}
		{1A955B92-018B-485C-A7A6-D85D5127243D} = {923AD1A8-F85F-49CE-921E-A709E0ECB517}
		{A99A736C-82E2-437C-806A-4E00B245B14E} = {923AD1A8-F85F-49CE-921E-A709E0ECB517}
		{568641C0-7E0E-4D0C-915D-6B840B6E059B} = {923AD1A8-F85F-49CE-921E-A709E0ECB517}
		{0C8B0A69-E3EF-4E91-8609-DE3C1CED06E8} = {568641C0-7E0E-4D0C-915D-6B840B6E059B}
		{DB20B93F-B053-432F-A946-2E81D21534B3} = {1A955B92-018B-485C-A7A6-D85D5127243D}
		{E97D803A-6DA1-4FBA-8F57-BCE628FDA3A4} = {A99A736C-82E2-437C-806A-4E00B245B14E}
		{E7059307-9C3C-4F83-872A-B3675C7D59FB} = {725D55D4-00CC-45A5-A139-19288808227A}
	EndGlobalSection
EndGlobal
